
Microsoft Visual Studio Solution File, Format Version 12.00
# Visual Studio Version 16
VisualStudioVersion = 16.0.32228.343
MinimumVisualStudioVersion = 10.0.40219.1
Project("{D2ABAB84-BF74-430A-B69E-9DC6D40DDA17}") = "OnlineShopping", "OnlineShopping.dwproj", "{0C025D0F-A965-4CA5-B47D-ED2DEFF9D63F}"
EndProject
Global
	GlobalSection(SolutionConfigurationPlatforms) = preSolution
		Development|Default = Development|Default
	EndGlobalSection
	GlobalSection(ProjectConfigurationPlatforms) = postSolution
		{0C025D0F-A965-4CA5-B47D-ED2DEFF9D63F}.Development|Default.ActiveCfg = Development
		{0C025D0F-A965-4CA5-B47D-ED2DEFF9D63F}.Development|Default.Build.0 = Development
		{0C025D0F-A965-4CA5-B47D-ED2DEFF9D63F}.Development|Default.Deploy.0 = Development
	EndGlobalSection
	GlobalSection(SolutionProperties) = preSolution
		HideSolutionNode = FALSE
	EndGlobalSection
	GlobalSection(ExtensibilityGlobals) = postSolution
		SolutionGuid = {C51ABD5B-013D-446B-87D6-1C5C50AD4C19}
	EndGlobalSection
EndGlobal
